
Microsoft Visual Studio Solution File, Format Version 12.00
# Visual Studio 14
VisualStudioVersion = 14.0.25420.1
MinimumVisualStudioVersion = 10.0.40219.1
Project("{FAE04EC0-301F-11D3-BF4B-00C04F79EFBC}") = "crud_mvc_plus_report", "crud_mvc_plus_report\crud_mvc_plus_report.csproj", "{5E3BAE33-DAC9-4C97-A271-447BCA2DCE20}"
EndProject
Project("{FAE04EC0-301F-11D3-BF4B-00C04F79EFBC}") = "DataAccess", "DataAccess\DataAccess.csproj", "{723CD8DB-9ACB-4679-8024-30E9B19BAA28}"
EndProject
Project("{FAE04EC0-301F-11D3-BF4B-00C04F79EFBC}") = "Domain.Class", "Domain.Class\Domain.Class.csproj", "{199987D3-83D8-4BC8-9C14-BA9A73F74362}"
EndProject
Global
	GlobalSection(SolutionConfigurationPlatforms) = preSolution
		Debug|Any CPU = Debug|Any CPU
		Release|Any CPU = Release|Any CPU
	EndGlobalSection
	GlobalSection(ProjectConfigurationPlatforms) = postSolution
		{5E3BAE33-DAC9-4C97-A271-447BCA2DCE20}.Debug|Any CPU.ActiveCfg = Debug|Any CPU
		{5E3BAE33-DAC9-4C97-A271-447BCA2DCE20}.Debug|Any CPU.Build.0 = Debug|Any CPU
		{5E3BAE33-DAC9-4C97-A271-447BCA2DCE20}.Release|Any CPU.ActiveCfg = Release|Any CPU
		{5E3BAE33-DAC9-4C97-A271-447BCA2DCE20}.Release|Any CPU.Build.0 = Release|Any CPU
		{723CD8DB-9ACB-4679-8024-30E9B19BAA28}.Debug|Any CPU.ActiveCfg = Debug|Any CPU
		{723CD8DB-9ACB-4679-8024-30E9B19BAA28}.Debug|Any CPU.Build.0 = Debug|Any CPU
		{723CD8DB-9ACB-4679-8024-30E9B19BAA28}.Release|Any CPU.ActiveCfg = Release|Any CPU
		{723CD8DB-9ACB-4679-8024-30E9B19BAA28}.Release|Any CPU.Build.0 = Release|Any CPU
		{199987D3-83D8-4BC8-9C14-BA9A73F74362}.Debug|Any CPU.ActiveCfg = Debug|Any CPU
		{199987D3-83D8-4BC8-9C14-BA9A73F74362}.Debug|Any CPU.Build.0 = Debug|Any CPU
		{199987D3-83D8-4BC8-9C14-BA9A73F74362}.Release|Any CPU.ActiveCfg = Release|Any CPU
		{199987D3-83D8-4BC8-9C14-BA9A73F74362}.Release|Any CPU.Build.0 = Release|Any CPU
	EndGlobalSection
	GlobalSection(SolutionProperties) = preSolution
		HideSolutionNode = FALSE
	EndGlobalSection
EndGlobal
